// !$*UTF8*$!
{
	archiveVersion = 1;
	classes = {
	};
	objectVersion = 46;
	objects = {

/* Begin PBXBuildFile section */
		53B7CC3218996E9600B600E5 /* Cocoa.framework in Frameworks */ = {isa = PBXBuildFile; fileRef = 53B7CC3118996E9600B600E5 /* Cocoa.framework */; };
		53B7CC3C18996E9600B600E5 /* InfoPlist.strings in Resources */ = {isa = PBXBuildFile; fileRef = 53B7CC3A18996E9600B600E5 /* InfoPlist.strings */; };
		53B7CC3E18996E9600B600E5 /* main.m in Sources */ = {isa = PBXBuildFile; fileRef = 53B7CC3D18996E9600B600E5 /* main.m */; };
		53B7CC4218996E9600B600E5 /* Credits.rtf in Resources */ = {isa = PBXBuildFile; fileRef = 53B7CC4018996E9600B600E5 /* Credits.rtf */; };
		53B7CC4518996E9600B600E5 /* MinitorAppDelegate.m in Sources */ = {isa = PBXBuildFile; fileRef = 53B7CC4418996E9600B600E5 /* MinitorAppDelegate.m */; };
		53B7CC4818996E9600B600E5 /* MainMenu.xib in Resources */ = {isa = PBXBuildFile; fileRef = 53B7CC4618996E9600B600E5 /* MainMenu.xib */; };
		53B7CC4A18996E9600B600E5 /* Images.xcassets in Resources */ = {isa = PBXBuildFile; fileRef = 53B7CC4918996E9600B600E5 /* Images.xcassets */; };
		53B7CC6C189978D200B600E5 /* MinitorAPISettingsWindowViewController.m in Sources */ = {isa = PBXBuildFile; fileRef = 53B7CC6B189978D200B600E5 /* MinitorAPISettingsWindowViewController.m */; };
		53B7CC6E189979F700B600E5 /* MinitorAPISettingsView.xib in Resources */ = {isa = PBXBuildFile; fileRef = 53B7CC6D189979F700B600E5 /* MinitorAPISettingsView.xib */; };
		DCDEA5E31B9B4FEEB6F9BDA2 /* libPods.a in Frameworks */ = {isa = PBXBuildFile; fileRef = B123C1CA5DFF400AB79600C0 /* libPods.a */; };
/* End PBXBuildFile section */

/* Begin PBXFileReference section */
		53B7CC2E18996E9600B600E5 /* Minitor.app */ = {isa = PBXFileReference; explicitFileType = wrapper.application; includeInIndex = 0; path = Minitor.app; sourceTree = BUILT_PRODUCTS_DIR; };
		53B7CC3118996E9600B600E5 /* Cocoa.framework */ = {isa = PBXFileReference; lastKnownFileType = wrapper.framework; name = Cocoa.framework; path = System/Library/Frameworks/Cocoa.framework; sourceTree = SDKROOT; };
		53B7CC3418996E9600B600E5 /* AppKit.framework */ = {isa = PBXFileReference; lastKnownFileType = wrapper.framework; name = AppKit.framework; path = System/Library/Frameworks/AppKit.framework; sourceTree = SDKROOT; };
		53B7CC3518996E9600B600E5 /* CoreData.framework */ = {isa = PBXFileReference; lastKnownFileType = wrapper.framework; name = CoreData.framework; path = System/Library/Frameworks/CoreData.framework; sourceTree = SDKROOT; };
		53B7CC3618996E9600B600E5 /* Foundation.framework */ = {isa = PBXFileReference; lastKnownFileType = wrapper.framework; name = Foundation.framework; path = System/Library/Frameworks/Foundation.framework; sourceTree = SDKROOT; };
		53B7CC3918996E9600B600E5 /* Minitor-Info.plist */ = {isa = PBXFileReference; lastKnownFileType = text.plist.xml; path = "Minitor-Info.plist"; sourceTree = "<group>"; };
		53B7CC3B18996E9600B600E5 /* en */ = {isa = PBXFileReference; lastKnownFileType = text.plist.strings; name = en; path = en.lproj/InfoPlist.strings; sourceTree = "<group>"; };
		53B7CC3D18996E9600B600E5 /* main.m */ = {isa = PBXFileReference; lastKnownFileType = sourcecode.c.objc; path = main.m; sourceTree = "<group>"; };
		53B7CC3F18996E9600B600E5 /* Minitor-Prefix.pch */ = {isa = PBXFileReference; lastKnownFileType = sourcecode.c.h; path = "Minitor-Prefix.pch"; sourceTree = "<group>"; };
		53B7CC4118996E9600B600E5 /* en */ = {isa = PBXFileReference; lastKnownFileType = text.rtf; name = en; path = en.lproj/Credits.rtf; sourceTree = "<group>"; };
		53B7CC4318996E9600B600E5 /* MinitorAppDelegate.h */ = {isa = PBXFileReference; lastKnownFileType = sourcecode.c.h; path = MinitorAppDelegate.h; sourceTree = "<group>"; };
		53B7CC4418996E9600B600E5 /* MinitorAppDelegate.m */ = {isa = PBXFileReference; lastKnownFileType = sourcecode.c.objc; path = MinitorAppDelegate.m; sourceTree = "<group>"; };
		53B7CC4718996E9600B600E5 /* Base */ = {isa = PBXFileReference; lastKnownFileType = file.xib; name = Base; path = Base.lproj/MainMenu.xib; sourceTree = "<group>"; };
		53B7CC4918996E9600B600E5 /* Images.xcassets */ = {isa = PBXFileReference; lastKnownFileType = folder.assetcatalog; path = Images.xcassets; sourceTree = "<group>"; };
		53B7CC6A189978D200B600E5 /* MinitorAPISettingsWindowViewController.h */ = {isa = PBXFileReference; fileEncoding = 4; lastKnownFileType = sourcecode.c.h; path = MinitorAPISettingsWindowViewController.h; sourceTree = "<group>"; };
		53B7CC6B189978D200B600E5 /* MinitorAPISettingsWindowViewController.m */ = {isa = PBXFileReference; fileEncoding = 4; lastKnownFileType = sourcecode.c.objc; path = MinitorAPISettingsWindowViewController.m; sourceTree = "<group>"; };
		53B7CC6D189979F700B600E5 /* MinitorAPISettingsView.xib */ = {isa = PBXFileReference; fileEncoding = 4; lastKnownFileType = file.xib; path = MinitorAPISettingsView.xib; sourceTree = "<group>"; };
		AC1D49A8A6734EDDA0F22884 /* Pods.xcconfig */ = {isa = PBXFileReference; includeInIndex = 1; lastKnownFileType = text.xcconfig; name = Pods.xcconfig; path = Pods/Pods.xcconfig; sourceTree = "<group>"; };
		B123C1CA5DFF400AB79600C0 /* libPods.a */ = {isa = PBXFileReference; explicitFileType = archive.ar; includeInIndex = 0; path = libPods.a; sourceTree = BUILT_PRODUCTS_DIR; };
/* End PBXFileReference section */

/* Begin PBXFrameworksBuildPhase section */
		53B7CC2B18996E9600B600E5 /* Frameworks */ = {
			isa = PBXFrameworksBuildPhase;
			buildActionMask = 2147483647;
			files = (
				53B7CC3218996E9600B600E5 /* Cocoa.framework in Frameworks */,
				DCDEA5E31B9B4FEEB6F9BDA2 /* libPods.a in Frameworks */,
			);
			runOnlyForDeploymentPostprocessing = 0;
		};
/* End PBXFrameworksBuildPhase section */

/* Begin PBXGroup section */
		53B7CC2518996E9600B600E5 = {
			isa = PBXGroup;
			children = (
				53B7CC3718996E9600B600E5 /* Minitor */,
				53B7CC3018996E9600B600E5 /* Frameworks */,
				53B7CC2F18996E9600B600E5 /* Products */,
				AC1D49A8A6734EDDA0F22884 /* Pods.xcconfig */,
			);
			sourceTree = "<group>";
		};
		53B7CC2F18996E9600B600E5 /* Products */ = {
			isa = PBXGroup;
			children = (
				53B7CC2E18996E9600B600E5 /* Minitor.app */,
			);
			name = Products;
			sourceTree = "<group>";
		};
		53B7CC3018996E9600B600E5 /* Frameworks */ = {
			isa = PBXGroup;
			children = (
				53B7CC3118996E9600B600E5 /* Cocoa.framework */,
				53B7CC3318996E9600B600E5 /* Other Frameworks */,
				B123C1CA5DFF400AB79600C0 /* libPods.a */,
			);
			name = Frameworks;
			sourceTree = "<group>";
		};
		53B7CC3318996E9600B600E5 /* Other Frameworks */ = {
			isa = PBXGroup;
			children = (
				53B7CC3418996E9600B600E5 /* AppKit.framework */,
				53B7CC3518996E9600B600E5 /* CoreData.framework */,
				53B7CC3618996E9600B600E5 /* Foundation.framework */,
			);
			name = "Other Frameworks";
			sourceTree = "<group>";
		};
		53B7CC3718996E9600B600E5 /* Minitor */ = {
			isa = PBXGroup;
			children = (
				53B7CC69189978D200B600E5 /* Settings */,
				53B7CC4318996E9600B600E5 /* MinitorAppDelegate.h */,
				53B7CC4418996E9600B600E5 /* MinitorAppDelegate.m */,
				53B7CC4618996E9600B600E5 /* MainMenu.xib */,
				53B7CC4918996E9600B600E5 /* Images.xcassets */,
				53B7CC3818996E9600B600E5 /* Supporting Files */,
			);
			path = Minitor;
			sourceTree = "<group>";
		};
		53B7CC3818996E9600B600E5 /* Supporting Files */ = {
			isa = PBXGroup;
			children = (
				53B7CC3918996E9600B600E5 /* Minitor-Info.plist */,
				53B7CC3A18996E9600B600E5 /* InfoPlist.strings */,
				53B7CC3D18996E9600B600E5 /* main.m */,
				53B7CC3F18996E9600B600E5 /* Minitor-Prefix.pch */,
				53B7CC4018996E9600B600E5 /* Credits.rtf */,
			);
			name = "Supporting Files";
			sourceTree = "<group>";
		};
		53B7CC69189978D200B600E5 /* Settings */ = {
			isa = PBXGroup;
			children = (
				53B7CC6D189979F700B600E5 /* MinitorAPISettingsView.xib */,
				53B7CC6A189978D200B600E5 /* MinitorAPISettingsWindowViewController.h */,
				53B7CC6B189978D200B600E5 /* MinitorAPISettingsWindowViewController.m */,
			);
			path = Settings;
			sourceTree = "<group>";
		};
/* End PBXGroup section */

/* Begin PBXNativeTarget section */
		53B7CC2D18996E9600B600E5 /* Minitor */ = {
			isa = PBXNativeTarget;
			buildConfigurationList = 53B7CC5F18996E9600B600E5 /* Build configuration list for PBXNativeTarget "Minitor" */;
			buildPhases = (
				2B5C51B2CF2643FDBF61EA5A /* Check Pods Manifest.lock */,
				53B7CC2A18996E9600B600E5 /* Sources */,
				53B7CC2B18996E9600B600E5 /* Frameworks */,
				53B7CC2C18996E9600B600E5 /* Resources */,
				FB27426544D746DE97B8F646 /* Copy Pods Resources */,
			);
			buildRules = (
			);
			dependencies = (
			);
			name = Minitor;
			productName = Minitor;
			productReference = 53B7CC2E18996E9600B600E5 /* Minitor.app */;
			productType = "com.apple.product-type.application";
		};
/* End PBXNativeTarget section */

/* Begin PBXProject section */
		53B7CC2618996E9600B600E5 /* Project object */ = {
			isa = PBXProject;
			attributes = {
				CLASSPREFIX = Minitor;
				LastUpgradeCheck = 0500;
				ORGANIZATIONNAME = "Stephen Birarda";
			};
			buildConfigurationList = 53B7CC2918996E9600B600E5 /* Build configuration list for PBXProject "Minitor" */;
			compatibilityVersion = "Xcode 3.2";
			developmentRegion = English;
			hasScannedForEncodings = 0;
			knownRegions = (
				en,
				Base,
			);
			mainGroup = 53B7CC2518996E9600B600E5;
			productRefGroup = 53B7CC2F18996E9600B600E5 /* Products */;
			projectDirPath = "";
			projectRoot = "";
			targets = (
				53B7CC2D18996E9600B600E5 /* Minitor */,
			);
		};
/* End PBXProject section */

/* Begin PBXResourcesBuildPhase section */
		53B7CC2C18996E9600B600E5 /* Resources */ = {
			isa = PBXResourcesBuildPhase;
			buildActionMask = 2147483647;
			files = (
				53B7CC3C18996E9600B600E5 /* InfoPlist.strings in Resources */,
				53B7CC4A18996E9600B600E5 /* Images.xcassets in Resources */,
				53B7CC6E189979F700B600E5 /* MinitorAPISettingsView.xib in Resources */,
				53B7CC4218996E9600B600E5 /* Credits.rtf in Resources */,
				53B7CC4818996E9600B600E5 /* MainMenu.xib in Resources */,
			);
			runOnlyForDeploymentPostprocessing = 0;
		};
/* End PBXResourcesBuildPhase section */

/* Begin PBXShellScriptBuildPhase section */
		2B5C51B2CF2643FDBF61EA5A /* Check Pods Manifest.lock */ = {
			isa = PBXShellScriptBuildPhase;
			buildActionMask = 2147483647;
			files = (
			);
			inputPaths = (
			);
			name = "Check Pods Manifest.lock";
			outputPaths = (
			);
			runOnlyForDeploymentPostprocessing = 0;
			shellPath = /bin/sh;
			shellScript = "diff \"${PODS_ROOT}/../Podfile.lock\" \"${PODS_ROOT}/Manifest.lock\" > /dev/null\nif [[ $? != 0 ]] ; then\n    cat << EOM\nerror: The sandbox is not in sync with the Podfile.lock. Run 'pod install' or update your CocoaPods installation.\nEOM\n    exit 1\nfi\n";
			showEnvVarsInLog = 0;
		};
		FB27426544D746DE97B8F646 /* Copy Pods Resources */ = {
			isa = PBXShellScriptBuildPhase;
			buildActionMask = 2147483647;
			files = (
			);
			inputPaths = (
			);
			name = "Copy Pods Resources";
			outputPaths = (
			);
			runOnlyForDeploymentPostprocessing = 0;
			shellPath = /bin/sh;
			shellScript = "\"${SRCROOT}/Pods/Pods-resources.sh\"\n";
			showEnvVarsInLog = 0;
		};
/* End PBXShellScriptBuildPhase section */

/* Begin PBXSourcesBuildPhase section */
		53B7CC2A18996E9600B600E5 /* Sources */ = {
			isa = PBXSourcesBuildPhase;
			buildActionMask = 2147483647;
			files = (
				53B7CC3E18996E9600B600E5 /* main.m in Sources */,
				53B7CC6C189978D200B600E5 /* MinitorAPISettingsWindowViewController.m in Sources */,
				53B7CC4518996E9600B600E5 /* MinitorAppDelegate.m in Sources */,
			);
			runOnlyForDeploymentPostprocessing = 0;
		};
/* End PBXSourcesBuildPhase section */

/* Begin PBXVariantGroup section */
		53B7CC3A18996E9600B600E5 /* InfoPlist.strings */ = {
			isa = PBXVariantGroup;
			children = (
				53B7CC3B18996E9600B600E5 /* en */,
			);
			name = InfoPlist.strings;
			sourceTree = "<group>";
		};
		53B7CC4018996E9600B600E5 /* Credits.rtf */ = {
			isa = PBXVariantGroup;
			children = (
				53B7CC4118996E9600B600E5 /* en */,
			);
			name = Credits.rtf;
			sourceTree = "<group>";
		};
		53B7CC4618996E9600B600E5 /* MainMenu.xib */ = {
			isa = PBXVariantGroup;
			children = (
				53B7CC4718996E9600B600E5 /* Base */,
			);
			name = MainMenu.xib;
			sourceTree = "<group>";
		};
/* End PBXVariantGroup section */

/* Begin XCBuildConfiguration section */
		53B7CC5D18996E9600B600E5 /* Debug */ = {
			isa = XCBuildConfiguration;
			buildSettings = {
				ALWAYS_SEARCH_USER_PATHS = NO;
				CLANG_CXX_LANGUAGE_STANDARD = "gnu++0x";
				CLANG_CXX_LIBRARY = "libc++";
				CLANG_ENABLE_OBJC_ARC = YES;
				CLANG_WARN_BOOL_CONVERSION = YES;
				CLANG_WARN_CONSTANT_CONVERSION = YES;
				CLANG_WARN_DIRECT_OBJC_ISA_USAGE = YES_ERROR;
				CLANG_WARN_EMPTY_BODY = YES;
				CLANG_WARN_ENUM_CONVERSION = YES;
				CLANG_WARN_INT_CONVERSION = YES;
				CLANG_WARN_OBJC_ROOT_CLASS = YES_ERROR;
				CLANG_WARN__DUPLICATE_METHOD_MATCH = YES;
				COPY_PHASE_STRIP = NO;
				GCC_C_LANGUAGE_STANDARD = gnu99;
				GCC_DYNAMIC_NO_PIC = NO;
				GCC_ENABLE_OBJC_EXCEPTIONS = YES;
				GCC_OPTIMIZATION_LEVEL = 0;
				GCC_PREPROCESSOR_DEFINITIONS = (
					"DEBUG=1",
					"$(inherited)",
				);
				GCC_SYMBOLS_PRIVATE_EXTERN = NO;
				GCC_WARN_64_TO_32_BIT_CONVERSION = YES;
				GCC_WARN_ABOUT_RETURN_TYPE = YES_ERROR;
				GCC_WARN_UNDECLARED_SELECTOR = YES;
				GCC_WARN_UNINITIALIZED_AUTOS = YES;
				GCC_WARN_UNUSED_FUNCTION = YES;
				GCC_WARN_UNUSED_VARIABLE = YES;
				MACOSX_DEPLOYMENT_TARGET = 10.9;
				ONLY_ACTIVE_ARCH = YES;
				SDKROOT = macosx;
			};
			name = Debug;
		};
		53B7CC5E18996E9600B600E5 /* Release */ = {
			isa = XCBuildConfiguration;
			buildSettings = {
				ALWAYS_SEARCH_USER_PATHS = NO;
				CLANG_CXX_LANGUAGE_STANDARD = "gnu++0x";
				CLANG_CXX_LIBRARY = "libc++";
				CLANG_ENABLE_OBJC_ARC = YES;
				CLANG_WARN_BOOL_CONVERSION = YES;
				CLANG_WARN_CONSTANT_CONVERSION = YES;
				CLANG_WARN_DIRECT_OBJC_ISA_USAGE = YES_ERROR;
				CLANG_WARN_EMPTY_BODY = YES;
				CLANG_WARN_ENUM_CONVERSION = YES;
				CLANG_WARN_INT_CONVERSION = YES;
				CLANG_WARN_OBJC_ROOT_CLASS = YES_ERROR;
				CLANG_WARN__DUPLICATE_METHOD_MATCH = YES;
				COPY_PHASE_STRIP = YES;
				DEBUG_INFORMATION_FORMAT = "dwarf-with-dsym";
				ENABLE_NS_ASSERTIONS = NO;
				GCC_C_LANGUAGE_STANDARD = gnu99;
				GCC_ENABLE_OBJC_EXCEPTIONS = YES;
				GCC_WARN_64_TO_32_BIT_CONVERSION = YES;
				GCC_WARN_ABOUT_RETURN_TYPE = YES_ERROR;
				GCC_WARN_UNDECLARED_SELECTOR = YES;
				GCC_WARN_UNINITIALIZED_AUTOS = YES;
				GCC_WARN_UNUSED_FUNCTION = YES;
				GCC_WARN_UNUSED_VARIABLE = YES;
				MACOSX_DEPLOYMENT_TARGET = 10.9;
				SDKROOT = macosx;
			};
			name = Release;
		};
		53B7CC6018996E9600B600E5 /* Debug */ = {
			isa = XCBuildConfiguration;
			baseConfigurationReference = AC1D49A8A6734EDDA0F22884 /* Pods.xcconfig */;
			buildSettings = {
				ASSETCATALOG_COMPILER_APPICON_NAME = AppIcon;
				COMBINE_HIDPI_IMAGES = YES;
				GCC_PRECOMPILE_PREFIX_HEADER = YES;
				GCC_PREFIX_HEADER = "Minitor/Minitor-Prefix.pch";
				INFOPLIST_FILE = "Minitor/Minitor-Info.plist";
				PRODUCT_NAME = "$(TARGET_NAME)";
				WRAPPER_EXTENSION = app;
			};
			name = Debug;
		};
		53B7CC6118996E9600B600E5 /* Release */ = {
			isa = XCBuildConfiguration;
			baseConfigurationReference = AC1D49A8A6734EDDA0F22884 /* Pods.xcconfig */;
			buildSettings = {
				ASSETCATALOG_COMPILER_APPICON_NAME = AppIcon;
				COMBINE_HIDPI_IMAGES = YES;
				GCC_PRECOMPILE_PREFIX_HEADER = YES;
				GCC_PREFIX_HEADER = "Minitor/Minitor-Prefix.pch";
				INFOPLIST_FILE = "Minitor/Minitor-Info.plist";
				PRODUCT_NAME = "$(TARGET_NAME)";
				WRAPPER_EXTENSION = app;
			};
			name = Release;
		};
/* End XCBuildConfiguration section */

/* Begin XCConfigurationList section */
		53B7CC2918996E9600B600E5 /* Build configuration list for PBXProject "Minitor" */ = {
			isa = XCConfigurationList;
			buildConfigurations = (
				53B7CC5D18996E9600B600E5 /* Debug */,
				53B7CC5E18996E9600B600E5 /* Release */,
			);
			defaultConfigurationIsVisible = 0;
			defaultConfigurationName = Release;
		};
		53B7CC5F18996E9600B600E5 /* Build configuration list for PBXNativeTarget "Minitor" */ = {
			isa = XCConfigurationList;
			buildConfigurations = (
				53B7CC6018996E9600B600E5 /* Debug */,
				53B7CC6118996E9600B600E5 /* Release */,
			);
			defaultConfigurationIsVisible = 0;
			defaultConfigurationName = Release;
		};
/* End XCConfigurationList section */
	};
	rootObject = 53B7CC2618996E9600B600E5 /* Project object */;
}
